// !$*UTF8*$!
{
	archiveVersion = 1;
	classes = {
	};
	objectVersion = 56;
	objects = {

/* Begin PBXBuildFile section */
		A3A359DD2A320C9D00CB3E11 /* AppDelegate.swift in Sources */ = {isa = PBXBuildFile; fileRef = A3A359DC2A320C9D00CB3E11 /* AppDelegate.swift */; };
		A3A359DF2A320C9D00CB3E11 /* SceneDelegate.swift in Sources */ = {isa = PBXBuildFile; fileRef = A3A359DE2A320C9D00CB3E11 /* SceneDelegate.swift */; };
		A3A359E12A320C9D00CB3E11 /* ViewController.swift in Sources */ = {isa = PBXBuildFile; fileRef = A3A359E02A320C9D00CB3E11 /* ViewController.swift */; };
		A3A359E42A320C9D00CB3E11 /* Main.storyboard in Resources */ = {isa = PBXBuildFile; fileRef = A3A359E22A320C9D00CB3E11 /* Main.storyboard */; };
		A3A359E62A320C9F00CB3E11 /* Assets.xcassets in Resources */ = {isa = PBXBuildFile; fileRef = A3A359E52A320C9F00CB3E11 /* Assets.xcassets */; };
		A3A359E92A320C9F00CB3E11 /* LaunchScreen.storyboard in Resources */ = {isa = PBXBuildFile; fileRef = A3A359E72A320C9F00CB3E11 /* LaunchScreen.storyboard */; };
		A3A359F42A320C9F00CB3E11 /* NavigationTests.swift in Sources */ = {isa = PBXBuildFile; fileRef = A3A359F32A320C9F00CB3E11 /* NavigationTests.swift */; };
		A3A359FE2A320C9F00CB3E11 /* NavigationUITests.swift in Sources */ = {isa = PBXBuildFile; fileRef = A3A359FD2A320C9F00CB3E11 /* NavigationUITests.swift */; };
		A3A35A002A320C9F00CB3E11 /* NavigationUITestsLaunchTests.swift in Sources */ = {isa = PBXBuildFile; fileRef = A3A359FF2A320C9F00CB3E11 /* NavigationUITestsLaunchTests.swift */; };
		A3A35A0D2A32103700CB3E11 /* EditViewController.swift in Sources */ = {isa = PBXBuildFile; fileRef = A3A35A0C2A32103700CB3E11 /* EditViewController.swift */; };
		A3A35A102A32188600CB3E11 /* lamp_on.png in Resources */ = {isa = PBXBuildFile; fileRef = A3A35A0E2A32188600CB3E11 /* lamp_on.png */; };
		A3A35A112A32188600CB3E11 /* lamp_off.png in Resources */ = {isa = PBXBuildFile; fileRef = A3A35A0F2A32188600CB3E11 /* lamp_off.png */; };
/* End PBXBuildFile section */

/* Begin PBXContainerItemProxy section */
		A3A359F02A320C9F00CB3E11 /* PBXContainerItemProxy */ = {
			isa = PBXContainerItemProxy;
			containerPortal = A3A359D12A320C9D00CB3E11 /* Project object */;
			proxyType = 1;
			remoteGlobalIDString = A3A359D82A320C9D00CB3E11;
			remoteInfo = Navigation;
		};
		A3A359FA2A320C9F00CB3E11 /* PBXContainerItemProxy */ = {
			isa = PBXContainerItemProxy;
			containerPortal = A3A359D12A320C9D00CB3E11 /* Project object */;
			proxyType = 1;
			remoteGlobalIDString = A3A359D82A320C9D00CB3E11;
			remoteInfo = Navigation;
		};
/* End PBXContainerItemProxy section */

/* Begin PBXFileReference section */
		A3A359D92A320C9D00CB3E11 /* Navigation.app */ = {isa = PBXFileReference; explicitFileType = wrapper.application; includeInIndex = 0; path = Navigation.app; sourceTree = BUILT_PRODUCTS_DIR; };
		A3A359DC2A320C9D00CB3E11 /* AppDelegate.swift */ = {isa = PBXFileReference; lastKnownFileType = sourcecode.swift; path = AppDelegate.swift; sourceTree = "<group>"; };
		A3A359DE2A320C9D00CB3E11 /* SceneDelegate.swift */ = {isa = PBXFileReference; lastKnownFileType = sourcecode.swift; path = SceneDelegate.swift; sourceTree = "<group>"; };
		A3A359E02A320C9D00CB3E11 /* ViewController.swift */ = {isa = PBXFileReference; lastKnownFileType = sourcecode.swift; path = ViewController.swift; sourceTree = "<group>"; };
		A3A359E32A320C9D00CB3E11 /* Base */ = {isa = PBXFileReference; lastKnownFileType = file.storyboard; name = Base; path = Base.lproj/Main.storyboard; sourceTree = "<group>"; };
		A3A359E52A320C9F00CB3E11 /* Assets.xcassets */ = {isa = PBXFileReference; lastKnownFileType = folder.assetcatalog; path = Assets.xcassets; sourceTree = "<group>"; };
		A3A359E82A320C9F00CB3E11 /* Base */ = {isa = PBXFileReference; lastKnownFileType = file.storyboard; name = Base; path = Base.lproj/LaunchScreen.storyboard; sourceTree = "<group>"; };
		A3A359EA2A320C9F00CB3E11 /* Info.plist */ = {isa = PBXFileReference; lastKnownFileType = text.plist.xml; path = Info.plist; sourceTree = "<group>"; };
		A3A359EF2A320C9F00CB3E11 /* NavigationTests.xctest */ = {isa = PBXFileReference; explicitFileType = wrapper.cfbundle; includeInIndex = 0; path = NavigationTests.xctest; sourceTree = BUILT_PRODUCTS_DIR; };
		A3A359F32A320C9F00CB3E11 /* NavigationTests.swift */ = {isa = PBXFileReference; lastKnownFileType = sourcecode.swift; path = NavigationTests.swift; sourceTree = "<group>"; };
		A3A359F92A320C9F00CB3E11 /* NavigationUITests.xctest */ = {isa = PBXFileReference; explicitFileType = wrapper.cfbundle; includeInIndex = 0; path = NavigationUITests.xctest; sourceTree = BUILT_PRODUCTS_DIR; };
		A3A359FD2A320C9F00CB3E11 /* NavigationUITests.swift */ = {isa = PBXFileReference; lastKnownFileType = sourcecode.swift; path = NavigationUITests.swift; sourceTree = "<group>"; };
		A3A359FF2A320C9F00CB3E11 /* NavigationUITestsLaunchTests.swift */ = {isa = PBXFileReference; lastKnownFileType = sourcecode.swift; path = NavigationUITestsLaunchTests.swift; sourceTree = "<group>"; };
		A3A35A0C2A32103700CB3E11 /* EditViewController.swift */ = {isa = PBXFileReference; lastKnownFileType = sourcecode.swift; path = EditViewController.swift; sourceTree = "<group>"; };
		A3A35A0E2A32188600CB3E11 /* lamp_on.png */ = {isa = PBXFileReference; lastKnownFileType = image.png; path = lamp_on.png; sourceTree = "<group>"; };
		A3A35A0F2A32188600CB3E11 /* lamp_off.png */ = {isa = PBXFileReference; lastKnownFileType = image.png; path = lamp_off.png; sourceTree = "<group>"; };
/* End PBXFileReference section */

/* Begin PBXFrameworksBuildPhase section */
		A3A359D62A320C9D00CB3E11 /* Frameworks */ = {
			isa = PBXFrameworksBuildPhase;
			buildActionMask = 2147483647;
			files = (
			);
			runOnlyForDeploymentPostprocessing = 0;
		};
		A3A359EC2A320C9F00CB3E11 /* Frameworks */ = {
			isa = PBXFrameworksBuildPhase;
			buildActionMask = 2147483647;
			files = (
			);
			runOnlyForDeploymentPostprocessing = 0;
		};
		A3A359F62A320C9F00CB3E11 /* Frameworks */ = {
			isa = PBXFrameworksBuildPhase;
			buildActionMask = 2147483647;
			files = (
			);
			runOnlyForDeploymentPostprocessing = 0;
		};
/* End PBXFrameworksBuildPhase section */

/* Begin PBXGroup section */
		A3A359D02A320C9D00CB3E11 = {
			isa = PBXGroup;
			children = (
				A3A359DB2A320C9D00CB3E11 /* Navigation */,
				A3A359F22A320C9F00CB3E11 /* NavigationTests */,
				A3A359FC2A320C9F00CB3E11 /* NavigationUITests */,
				A3A359DA2A320C9D00CB3E11 /* Products */,
			);
			sourceTree = "<group>";
		};
		A3A359DA2A320C9D00CB3E11 /* Products */ = {
			isa = PBXGroup;
			children = (
				A3A359D92A320C9D00CB3E11 /* Navigation.app */,
				A3A359EF2A320C9F00CB3E11 /* NavigationTests.xctest */,
				A3A359F92A320C9F00CB3E11 /* NavigationUITests.xctest */,
			);
			name = Products;
			sourceTree = "<group>";
		};
		A3A359DB2A320C9D00CB3E11 /* Navigation */ = {
			isa = PBXGroup;
			children = (
				A3A359DC2A320C9D00CB3E11 /* AppDelegate.swift */,
				A3A359DE2A320C9D00CB3E11 /* SceneDelegate.swift */,
				A3A35A0F2A32188600CB3E11 /* lamp_off.png */,
				A3A35A0E2A32188600CB3E11 /* lamp_on.png */,
				A3A359E02A320C9D00CB3E11 /* ViewController.swift */,
				A3A359E22A320C9D00CB3E11 /* Main.storyboard */,
				A3A35A0C2A32103700CB3E11 /* EditViewController.swift */,
				A3A359E52A320C9F00CB3E11 /* Assets.xcassets */,
				A3A359E72A320C9F00CB3E11 /* LaunchScreen.storyboard */,
				A3A359EA2A320C9F00CB3E11 /* Info.plist */,
			);
			path = Navigation;
			sourceTree = "<group>";
		};
		A3A359F22A320C9F00CB3E11 /* NavigationTests */ = {
			isa = PBXGroup;
			children = (
				A3A359F32A320C9F00CB3E11 /* NavigationTests.swift */,
			);
			path = NavigationTests;
			sourceTree = "<group>";
		};
		A3A359FC2A320C9F00CB3E11 /* NavigationUITests */ = {
			isa = PBXGroup;
			children = (
				A3A359FD2A320C9F00CB3E11 /* NavigationUITests.swift */,
				A3A359FF2A320C9F00CB3E11 /* NavigationUITestsLaunchTests.swift */,
			);
			path = NavigationUITests;
			sourceTree = "<group>";
		};
/* End PBXGroup section */

/* Begin PBXNativeTarget section */
		A3A359D82A320C9D00CB3E11 /* Navigation */ = {
			isa = PBXNativeTarget;
			buildConfigurationList = A3A35A032A320C9F00CB3E11 /* Build configuration list for PBXNativeTarget "Navigation" */;
			buildPhases = (
				A3A359D52A320C9D00CB3E11 /* Sources */,
				A3A359D62A320C9D00CB3E11 /* Frameworks */,
				A3A359D72A320C9D00CB3E11 /* Resources */,
			);
			buildRules = (
			);
			dependencies = (
			);
			name = Navigation;
			productName = Navigation;
			productReference = A3A359D92A320C9D00CB3E11 /* Navigation.app */;
			productType = "com.apple.product-type.application";
		};
		A3A359EE2A320C9F00CB3E11 /* NavigationTests */ = {
			isa = PBXNativeTarget;
			buildConfigurationList = A3A35A062A320C9F00CB3E11 /* Build configuration list for PBXNativeTarget "NavigationTests" */;
			buildPhases = (
				A3A359EB2A320C9F00CB3E11 /* Sources */,
				A3A359EC2A320C9F00CB3E11 /* Frameworks */,
				A3A359ED2A320C9F00CB3E11 /* Resources */,
			);
			buildRules = (
			);
			dependencies = (
				A3A359F12A320C9F00CB3E11 /* PBXTargetDependency */,
			);
			name = NavigationTests;
			productName = NavigationTests;
			productReference = A3A359EF2A320C9F00CB3E11 /* NavigationTests.xctest */;
			productType = "com.apple.product-type.bundle.unit-test";
		};
		A3A359F82A320C9F00CB3E11 /* NavigationUITests */ = {
			isa = PBXNativeTarget;
			buildConfigurationList = A3A35A092A320C9F00CB3E11 /* Build configuration list for PBXNativeTarget "NavigationUITests" */;
			buildPhases = (
				A3A359F52A320C9F00CB3E11 /* Sources */,
				A3A359F62A320C9F00CB3E11 /* Frameworks */,
				A3A359F72A320C9F00CB3E11 /* Resources */,
			);
			buildRules = (
			);
			dependencies = (
				A3A359FB2A320C9F00CB3E11 /* PBXTargetDependency */,
			);
			name = NavigationUITests;
			productName = NavigationUITests;
			productReference = A3A359F92A320C9F00CB3E11 /* NavigationUITests.xctest */;
			productType = "com.apple.product-type.bundle.ui-testing";
		};
/* End PBXNativeTarget section */

/* Begin PBXProject section */
		A3A359D12A320C9D00CB3E11 /* Project object */ = {
			isa = PBXProject;
			attributes = {
				BuildIndependentTargetsInParallel = 1;
				LastSwiftUpdateCheck = 1420;
				LastUpgradeCheck = 1420;
				TargetAttributes = {
					A3A359D82A320C9D00CB3E11 = {
						CreatedOnToolsVersion = 14.2;
					};
					A3A359EE2A320C9F00CB3E11 = {
						CreatedOnToolsVersion = 14.2;
						TestTargetID = A3A359D82A320C9D00CB3E11;
					};
					A3A359F82A320C9F00CB3E11 = {
						CreatedOnToolsVersion = 14.2;
						TestTargetID = A3A359D82A320C9D00CB3E11;
					};
				};
			};
			buildConfigurationList = A3A359D42A320C9D00CB3E11 /* Build configuration list for PBXProject "Navigation" */;
			compatibilityVersion = "Xcode 14.0";
			developmentRegion = en;
			hasScannedForEncodings = 0;
			knownRegions = (
				en,
				Base,
			);
			mainGroup = A3A359D02A320C9D00CB3E11;
			productRefGroup = A3A359DA2A320C9D00CB3E11 /* Products */;
			projectDirPath = "";
			projectRoot = "";
			targets = (
				A3A359D82A320C9D00CB3E11 /* Navigation */,
				A3A359EE2A320C9F00CB3E11 /* NavigationTests */,
				A3A359F82A320C9F00CB3E11 /* NavigationUITests */,
			);
		};
/* End PBXProject section */

/* Begin PBXResourcesBuildPhase section */
		A3A359D72A320C9D00CB3E11 /* Resources */ = {
			isa = PBXResourcesBuildPhase;
			buildActionMask = 2147483647;
			files = (
				A3A35A102A32188600CB3E11 /* lamp_on.png in Resources */,
				A3A359E92A320C9F00CB3E11 /* LaunchScreen.storyboard in Resources */,
				A3A35A112A32188600CB3E11 /* lamp_off.png in Resources */,
				A3A359E62A320C9F00CB3E11 /* Assets.xcassets in Resources */,
				A3A359E42A320C9D00CB3E11 /* Main.storyboard in Resources */,
			);
			runOnlyForDeploymentPostprocessing = 0;
		};
		A3A359ED2A320C9F00CB3E11 /* Resources */ = {
			isa = PBXResourcesBuildPhase;
			buildActionMask = 2147483647;
			files = (
			);
			runOnlyForDeploymentPostprocessing = 0;
		};
		A3A359F72A320C9F00CB3E11 /* Resources */ = {
			isa = PBXResourcesBuildPhase;
			buildActionMask = 2147483647;
			files = (
			);
			runOnlyForDeploymentPostprocessing = 0;
		};
/* End PBXResourcesBuildPhase section */

/* Begin PBXSourcesBuildPhase section */
		A3A359D52A320C9D00CB3E11 /* Sources */ = {
			isa = PBXSourcesBuildPhase;
			buildActionMask = 2147483647;
			files = (
				A3A35A0D2A32103700CB3E11 /* EditViewController.swift in Sources */,
				A3A359E12A320C9D00CB3E11 /* ViewController.swift in Sources */,
				A3A359DD2A320C9D00CB3E11 /* AppDelegate.swift in Sources */,
				A3A359DF2A320C9D00CB3E11 /* SceneDelegate.swift in Sources */,
			);
			runOnlyForDeploymentPostprocessing = 0;
		};
		A3A359EB2A320C9F00CB3E11 /* Sources */ = {
			isa = PBXSourcesBuildPhase;
			buildActionMask = 2147483647;
			files = (
				A3A359F42A320C9F00CB3E11 /* NavigationTests.swift in Sources */,
			);
			runOnlyForDeploymentPostprocessing = 0;
		};
		A3A359F52A320C9F00CB3E11 /* Sources */ = {
			isa = PBXSourcesBuildPhase;
			buildActionMask = 2147483647;
			files = (
				A3A35A002A320C9F00CB3E11 /* NavigationUITestsLaunchTests.swift in Sources */,
				A3A359FE2A320C9F00CB3E11 /* NavigationUITests.swift in Sources */,
			);
			runOnlyForDeploymentPostprocessing = 0;
		};
/* End PBXSourcesBuildPhase section */

/* Begin PBXTargetDependency section */
		A3A359F12A320C9F00CB3E11 /* PBXTargetDependency */ = {
			isa = PBXTargetDependency;
			target = A3A359D82A320C9D00CB3E11 /* Navigation */;
			targetProxy = A3A359F02A320C9F00CB3E11 /* PBXContainerItemProxy */;
		};
		A3A359FB2A320C9F00CB3E11 /* PBXTargetDependency */ = {
			isa = PBXTargetDependency;
			target = A3A359D82A320C9D00CB3E11 /* Navigation */;
			targetProxy = A3A359FA2A320C9F00CB3E11 /* PBXContainerItemProxy */;
		};
/* End PBXTargetDependency section */

/* Begin PBXVariantGroup section */
		A3A359E22A320C9D00CB3E11 /* Main.storyboard */ = {
			isa = PBXVariantGroup;
			children = (
				A3A359E32A320C9D00CB3E11 /* Base */,
			);
			name = Main.storyboard;
			sourceTree = "<group>";
		};
		A3A359E72A320C9F00CB3E11 /* LaunchScreen.storyboard */ = {
			isa = PBXVariantGroup;
			children = (
				A3A359E82A320C9F00CB3E11 /* Base */,
			);
			name = LaunchScreen.storyboard;
			sourceTree = "<group>";
		};
/* End PBXVariantGroup section */

/* Begin XCBuildConfiguration section */
		A3A35A012A320C9F00CB3E11 /* Debug */ = {
			isa = XCBuildConfiguration;
			buildSettings = {
				ALWAYS_SEARCH_USER_PATHS = NO;
				CLANG_ANALYZER_NONNULL = YES;
				CLANG_ANALYZER_NUMBER_OBJECT_CONVERSION = YES_AGGRESSIVE;
				CLANG_CXX_LANGUAGE_STANDARD = "gnu++20";
				CLANG_ENABLE_MODULES = YES;
				CLANG_ENABLE_OBJC_ARC = YES;
				CLANG_ENABLE_OBJC_WEAK = YES;
				CLANG_WARN_BLOCK_CAPTURE_AUTORELEASING = YES;
				CLANG_WARN_BOOL_CONVERSION = YES;
				CLANG_WARN_COMMA = YES;
				CLANG_WARN_CONSTANT_CONVERSION = YES;
				CLANG_WARN_DEPRECATED_OBJC_IMPLEMENTATIONS = YES;
				CLANG_WARN_DIRECT_OBJC_ISA_USAGE = YES_ERROR;
				CLANG_WARN_DOCUMENTATION_COMMENTS = YES;
				CLANG_WARN_EMPTY_BODY = YES;
				CLANG_WARN_ENUM_CONVERSION = YES;
				CLANG_WARN_INFINITE_RECURSION = YES;
				CLANG_WARN_INT_CONVERSION = YES;
				CLANG_WARN_NON_LITERAL_NULL_CONVERSION = YES;
				CLANG_WARN_OBJC_IMPLICIT_RETAIN_SELF = YES;
				CLANG_WARN_OBJC_LITERAL_CONVERSION = YES;
				CLANG_WARN_OBJC_ROOT_CLASS = YES_ERROR;
				CLANG_WARN_QUOTED_INCLUDE_IN_FRAMEWORK_HEADER = YES;
				CLANG_WARN_RANGE_LOOP_ANALYSIS = YES;
				CLANG_WARN_STRICT_PROTOTYPES = YES;
				CLANG_WARN_SUSPICIOUS_MOVE = YES;
				CLANG_WARN_UNGUARDED_AVAILABILITY = YES_AGGRESSIVE;
				CLANG_WARN_UNREACHABLE_CODE = YES;
				CLANG_WARN__DUPLICATE_METHOD_MATCH = YES;
				COPY_PHASE_STRIP = NO;
				DEBUG_INFORMATION_FORMAT = dwarf;
				ENABLE_STRICT_OBJC_MSGSEND = YES;
				ENABLE_TESTABILITY = YES;
				GCC_C_LANGUAGE_STANDARD = gnu11;
				GCC_DYNAMIC_NO_PIC = NO;
				GCC_NO_COMMON_BLOCKS = YES;
				GCC_OPTIMIZATION_LEVEL = 0;
				GCC_PREPROCESSOR_DEFINITIONS = (
					"DEBUG=1",
					"$(inherited)",
				);
				GCC_WARN_64_TO_32_BIT_CONVERSION = YES;
				GCC_WARN_ABOUT_RETURN_TYPE = YES_ERROR;
				GCC_WARN_UNDECLARED_SELECTOR = YES;
				GCC_WARN_UNINITIALIZED_AUTOS = YES_AGGRESSIVE;
				GCC_WARN_UNUSED_FUNCTION = YES;
				GCC_WARN_UNUSED_VARIABLE = YES;
				IPHONEOS_DEPLOYMENT_TARGET = 16.2;
				MTL_ENABLE_DEBUG_INFO = INCLUDE_SOURCE;
				MTL_FAST_MATH = YES;
				ONLY_ACTIVE_ARCH = YES;
				SDKROOT = iphoneos;
				SWIFT_ACTIVE_COMPILATION_CONDITIONS = DEBUG;
				SWIFT_OPTIMIZATION_LEVEL = "-Onone";
			};
			name = Debug;
		};
		A3A35A022A320C9F00CB3E11 /* Release */ = {
			isa = XCBuildConfiguration;
			buildSettings = {
				ALWAYS_SEARCH_USER_PATHS = NO;
				CLANG_ANALYZER_NONNULL = YES;
				CLANG_ANALYZER_NUMBER_OBJECT_CONVERSION = YES_AGGRESSIVE;
				CLANG_CXX_LANGUAGE_STANDARD = "gnu++20";
				CLANG_ENABLE_MODULES = YES;
				CLANG_ENABLE_OBJC_ARC = YES;
				CLANG_ENABLE_OBJC_WEAK = YES;
				CLANG_WARN_BLOCK_CAPTURE_AUTORELEASING = YES;
				CLANG_WARN_BOOL_CONVERSION = YES;
				CLANG_WARN_COMMA = YES;
				CLANG_WARN_CONSTANT_CONVERSION = YES;
				CLANG_WARN_DEPRECATED_OBJC_IMPLEMENTATIONS = YES;
				CLANG_WARN_DIRECT_OBJC_ISA_USAGE = YES_ERROR;
				CLANG_WARN_DOCUMENTATION_COMMENTS = YES;
				CLANG_WARN_EMPTY_BODY = YES;
				CLANG_WARN_ENUM_CONVERSION = YES;
				CLANG_WARN_INFINITE_RECURSION = YES;
				CLANG_WARN_INT_CONVERSION = YES;
				CLANG_WARN_NON_LITERAL_NULL_CONVERSION = YES;
				CLANG_WARN_OBJC_IMPLICIT_RETAIN_SELF = YES;
				CLANG_WARN_OBJC_LITERAL_CONVERSION = YES;
				CLANG_WARN_OBJC_ROOT_CLASS = YES_ERROR;
				CLANG_WARN_QUOTED_INCLUDE_IN_FRAMEWORK_HEADER = YES;
				CLANG_WARN_RANGE_LOOP_ANALYSIS = YES;
				CLANG_WARN_STRICT_PROTOTYPES = YES;
				CLANG_WARN_SUSPICIOUS_MOVE = YES;
				CLANG_WARN_UNGUARDED_AVAILABILITY = YES_AGGRESSIVE;
				CLANG_WARN_UNREACHABLE_CODE = YES;
				CLANG_WARN__DUPLICATE_METHOD_MATCH = YES;
				COPY_PHASE_STRIP = NO;
				DEBUG_INFORMATION_FORMAT = "dwarf-with-dsym";
				ENABLE_NS_ASSERTIONS = NO;
				ENABLE_STRICT_OBJC_MSGSEND = YES;
				GCC_C_LANGUAGE_STANDARD = gnu11;
				GCC_NO_COMMON_BLOCKS = YES;
				GCC_WARN_64_TO_32_BIT_CONVERSION = YES;
				GCC_WARN_ABOUT_RETURN_TYPE = YES_ERROR;
				GCC_WARN_UNDECLARED_SELECTOR = YES;
				GCC_WARN_UNINITIALIZED_AUTOS = YES_AGGRESSIVE;
				GCC_WARN_UNUSED_FUNCTION = YES;
				GCC_WARN_UNUSED_VARIABLE = YES;
				IPHONEOS_DEPLOYMENT_TARGET = 16.2;
				MTL_ENABLE_DEBUG_INFO = NO;
				MTL_FAST_MATH = YES;
				SDKROOT = iphoneos;
				SWIFT_COMPILATION_MODE = wholemodule;
				SWIFT_OPTIMIZATION_LEVEL = "-O";
				VALIDATE_PRODUCT = YES;
			};
			name = Release;
		};
		A3A35A042A320C9F00CB3E11 /* Debug */ = {
			isa = XCBuildConfiguration;
			buildSettings = {
				ASSETCATALOG_COMPILER_APPICON_NAME = AppIcon;
				ASSETCATALOG_COMPILER_GLOBAL_ACCENT_COLOR_NAME = AccentColor;
				CODE_SIGN_STYLE = Automatic;
				CURRENT_PROJECT_VERSION = 1;
				GENERATE_INFOPLIST_FILE = YES;
				INFOPLIST_FILE = Navigation/Info.plist;
				INFOPLIST_KEY_UIApplicationSupportsIndirectInputEvents = YES;
				INFOPLIST_KEY_UILaunchStoryboardName = LaunchScreen;
				INFOPLIST_KEY_UIMainStoryboardFile = Main;
				INFOPLIST_KEY_UISupportedInterfaceOrientations_iPad = "UIInterfaceOrientationPortrait UIInterfaceOrientationPortraitUpsideDown UIInterfaceOrientationLandscapeLeft UIInterfaceOrientationLandscapeRight";
				INFOPLIST_KEY_UISupportedInterfaceOrientations_iPhone = "UIInterfaceOrientationPortrait UIInterfaceOrientationLandscapeLeft UIInterfaceOrientationLandscapeRight";
				LD_RUNPATH_SEARCH_PATHS = (
					"$(inherited)",
					"@executable_path/Frameworks",
				);
				MARKETING_VERSION = 1.0;
				PRODUCT_BUNDLE_IDENTIFIER = rmw.iosswift.Navigation;
				PRODUCT_NAME = "$(TARGET_NAME)";
				SWIFT_EMIT_LOC_STRINGS = YES;
				SWIFT_VERSION = 5.0;
				TARGETED_DEVICE_FAMILY = "1,2";
			};
			name = Debug;
		};
		A3A35A052A320C9F00CB3E11 /* Release */ = {
			isa = XCBuildConfiguration;
			buildSettings = {
				ASSETCATALOG_COMPILER_APPICON_NAME = AppIcon;
				ASSETCATALOG_COMPILER_GLOBAL_ACCENT_COLOR_NAME = AccentColor;
				CODE_SIGN_STYLE = Automatic;
				CURRENT_PROJECT_VERSION = 1;
				GENERATE_INFOPLIST_FILE = YES;
				INFOPLIST_FILE = Navigation/Info.plist;
				INFOPLIST_KEY_UIApplicationSupportsIndirectInputEvents = YES;
				INFOPLIST_KEY_UILaunchStoryboardName = LaunchScreen;
				INFOPLIST_KEY_UIMainStoryboardFile = Main;
				INFOPLIST_KEY_UISupportedInterfaceOrientations_iPad = "UIInterfaceOrientationPortrait UIInterfaceOrientationPortraitUpsideDown UIInterfaceOrientationLandscapeLeft UIInterfaceOrientationLandscapeRight";
				INFOPLIST_KEY_UISupportedInterfaceOrientations_iPhone = "UIInterfaceOrientationPortrait UIInterfaceOrientationLandscapeLeft UIInterfaceOrientationLandscapeRight";
				LD_RUNPATH_SEARCH_PATHS = (
					"$(inherited)",
					"@executable_path/Frameworks",
				);
				MARKETING_VERSION = 1.0;
				PRODUCT_BUNDLE_IDENTIFIER = rmw.iosswift.Navigation;
				PRODUCT_NAME = "$(TARGET_NAME)";
				SWIFT_EMIT_LOC_STRINGS = YES;
				SWIFT_VERSION = 5.0;
				TARGETED_DEVICE_FAMILY = "1,2";
			};
			name = Release;
		};
		A3A35A072A320C9F00CB3E11 /* Debug */ = {
			isa = XCBuildConfiguration;
			buildSettings = {
				ALWAYS_EMBED_SWIFT_STANDARD_LIBRARIES = YES;
				BUNDLE_LOADER = "$(TEST_HOST)";
				CODE_SIGN_STYLE = Automatic;
				CURRENT_PROJECT_VERSION = 1;
				GENERATE_INFOPLIST_FILE = YES;
				IPHONEOS_DEPLOYMENT_TARGET = 16.2;
				MARKETING_VERSION = 1.0;
				PRODUCT_BUNDLE_IDENTIFIER = rmw.iosswift.NavigationTests;
				PRODUCT_NAME = "$(TARGET_NAME)";
				SWIFT_EMIT_LOC_STRINGS = NO;
				SWIFT_VERSION = 5.0;
				TARGETED_DEVICE_FAMILY = "1,2";
				TEST_HOST = "$(BUILT_PRODUCTS_DIR)/Navigation.app/$(BUNDLE_EXECUTABLE_FOLDER_PATH)/Navigation";
			};
			name = Debug;
		};
		A3A35A082A320C9F00CB3E11 /* Release */ = {
			isa = XCBuildConfiguration;
			buildSettings = {
				ALWAYS_EMBED_SWIFT_STANDARD_LIBRARIES = YES;
				BUNDLE_LOADER = "$(TEST_HOST)";
				CODE_SIGN_STYLE = Automatic;
				CURRENT_PROJECT_VERSION = 1;
				GENERATE_INFOPLIST_FILE = YES;
				IPHONEOS_DEPLOYMENT_TARGET = 16.2;
				MARKETING_VERSION = 1.0;
				PRODUCT_BUNDLE_IDENTIFIER = rmw.iosswift.NavigationTests;
				PRODUCT_NAME = "$(TARGET_NAME)";
				SWIFT_EMIT_LOC_STRINGS = NO;
				SWIFT_VERSION = 5.0;
				TARGETED_DEVICE_FAMILY = "1,2";
				TEST_HOST = "$(BUILT_PRODUCTS_DIR)/Navigation.app/$(BUNDLE_EXECUTABLE_FOLDER_PATH)/Navigation";
			};
			name = Release;
		};
		A3A35A0A2A320C9F00CB3E11 /* Debug */ = {
			isa = XCBuildConfiguration;
			buildSettings = {
				ALWAYS_EMBED_SWIFT_STANDARD_LIBRARIES = YES;
				CODE_SIGN_STYLE = Automatic;
				CURRENT_PROJECT_VERSION = 1;
				GENERATE_INFOPLIST_FILE = YES;
				MARKETING_VERSION = 1.0;
				PRODUCT_BUNDLE_IDENTIFIER = rmw.iosswift.NavigationUITests;
				PRODUCT_NAME = "$(TARGET_NAME)";
				SWIFT_EMIT_LOC_STRINGS = NO;
				SWIFT_VERSION = 5.0;
				TARGETED_DEVICE_FAMILY = "1,2";
				TEST_TARGET_NAME = Navigation;
			};
			name = Debug;
		};
		A3A35A0B2A320C9F00CB3E11 /* Release */ = {
			isa = XCBuildConfiguration;
			buildSettings = {
				ALWAYS_EMBED_SWIFT_STANDARD_LIBRARIES = YES;
				CODE_SIGN_STYLE = Automatic;
				CURRENT_PROJECT_VERSION = 1;
				GENERATE_INFOPLIST_FILE = YES;
				MARKETING_VERSION = 1.0;
				PRODUCT_BUNDLE_IDENTIFIER = rmw.iosswift.NavigationUITests;
				PRODUCT_NAME = "$(TARGET_NAME)";
				SWIFT_EMIT_LOC_STRINGS = NO;
				SWIFT_VERSION = 5.0;
				TARGETED_DEVICE_FAMILY = "1,2";
				TEST_TARGET_NAME = Navigation;
			};
			name = Release;
		};
/* End XCBuildConfiguration section */

/* Begin XCConfigurationList section */
		A3A359D42A320C9D00CB3E11 /* Build configuration list for PBXProject "Navigation" */ = {
			isa = XCConfigurationList;
			buildConfigurations = (
				A3A35A012A320C9F00CB3E11 /* Debug */,
				A3A35A022A320C9F00CB3E11 /* Release */,
			);
			defaultConfigurationIsVisible = 0;
			defaultConfigurationName = Release;
		};
		A3A35A032A320C9F00CB3E11 /* Build configuration list for PBXNativeTarget "Navigation" */ = {
			isa = XCConfigurationList;
			buildConfigurations = (
				A3A35A042A320C9F00CB3E11 /* Debug */,
				A3A35A052A320C9F00CB3E11 /* Release */,
			);
			defaultConfigurationIsVisible = 0;
			defaultConfigurationName = Release;
		};
		A3A35A062A320C9F00CB3E11 /* Build configuration list for PBXNativeTarget "NavigationTests" */ = {
			isa = XCConfigurationList;
			buildConfigurations = (
				A3A35A072A320C9F00CB3E11 /* Debug */,
				A3A35A082A320C9F00CB3E11 /* Release */,
			);
			defaultConfigurationIsVisible = 0;
			defaultConfigurationName = Release;
		};
		A3A35A092A320C9F00CB3E11 /* Build configuration list for PBXNativeTarget "NavigationUITests" */ = {
			isa = XCConfigurationList;
			buildConfigurations = (
				A3A35A0A2A320C9F00CB3E11 /* Debug */,
				A3A35A0B2A320C9F00CB3E11 /* Release */,
			);
			defaultConfigurationIsVisible = 0;
			defaultConfigurationName = Release;
		};
/* End XCConfigurationList section */
	};
	rootObject = A3A359D12A320C9D00CB3E11 /* Project object */;
}
